
Microsoft Visual Studio Solution File, Format Version 12.00
# Visual Studio Version 17
VisualStudioVersion = 17.11.35208.52
MinimumVisualStudioVersion = 10.0.40219.1
Project("{FAE04EC0-301F-11D3-BF4B-00C04F79EFBC}") = "AumentarSalario", "AumentarSalario\AumentarSalario.csproj", "{EF854157-5A7B-4478-82A1-6DE14F57E1D1}"
EndProject
Global
	GlobalSection(SolutionConfigurationPlatforms) = preSolution
		Debug|Any CPU = Debug|Any CPU
		Release|Any CPU = Release|Any CPU
	EndGlobalSection
	GlobalSection(ProjectConfigurationPlatforms) = postSolution
		{EF854157-5A7B-4478-82A1-6DE14F57E1D1}.Debug|Any CPU.ActiveCfg = Debug|Any CPU
		{EF854157-5A7B-4478-82A1-6DE14F57E1D1}.Debug|Any CPU.Build.0 = Debug|Any CPU
		{EF854157-5A7B-4478-82A1-6DE14F57E1D1}.Release|Any CPU.ActiveCfg = Release|Any CPU
		{EF854157-5A7B-4478-82A1-6DE14F57E1D1}.Release|Any CPU.Build.0 = Release|Any CPU
	EndGlobalSection
	GlobalSection(SolutionProperties) = preSolution
		HideSolutionNode = FALSE
	EndGlobalSection
	GlobalSection(ExtensibilityGlobals) = postSolution
		SolutionGuid = {C5249EBA-7A74-4BBA-BC8D-FEDDF12AF83F}
	EndGlobalSection
EndGlobal
